
Microsoft Visual Studio Solution File, Format Version 12.00
# Visual Studio Version 17
VisualStudioVersion = 17.3.32929.385
MinimumVisualStudioVersion = 10.0.40219.1
Project("{FAE04EC0-301F-11D3-BF4B-00C04F79EFBC}") = "UbyTEC", "UbyTEC\UbyTEC.csproj", "{2806D7DD-A002-45FB-847D-4A2C6AAE31D9}"
EndProject
Global
	GlobalSection(SolutionConfigurationPlatforms) = preSolution
		Debug|Any CPU = Debug|Any CPU
		Release|Any CPU = Release|Any CPU
	EndGlobalSection
	GlobalSection(ProjectConfigurationPlatforms) = postSolution
		{2806D7DD-A002-45FB-847D-4A2C6AAE31D9}.Debug|Any CPU.ActiveCfg = Debug|Any CPU
		{2806D7DD-A002-45FB-847D-4A2C6AAE31D9}.Debug|Any CPU.Build.0 = Debug|Any CPU
		{2806D7DD-A002-45FB-847D-4A2C6AAE31D9}.Release|Any CPU.ActiveCfg = Release|Any CPU
		{2806D7DD-A002-45FB-847D-4A2C6AAE31D9}.Release|Any CPU.Build.0 = Release|Any CPU
	EndGlobalSection
	GlobalSection(SolutionProperties) = preSolution
		HideSolutionNode = FALSE
	EndGlobalSection
	GlobalSection(ExtensibilityGlobals) = postSolution
		SolutionGuid = {36936499-1014-4E59-937F-C71055DE0CDF}
	EndGlobalSection
EndGlobal
