
Microsoft Visual Studio Solution File, Format Version 12.00
# Visual Studio Version 17
VisualStudioVersion = 17.4.33110.190
MinimumVisualStudioVersion = 10.0.40219.1
Project("{FAE04EC0-301F-11D3-BF4B-00C04F79EFBC}") = "UbyTECMonGO", "UbyTECMonGO.csproj", "{0ECBD918-0B44-4F6F-950A-A0E7295E51E6}"
EndProject
Global
	GlobalSection(SolutionConfigurationPlatforms) = preSolution
		Debug|Any CPU = Debug|Any CPU
		Release|Any CPU = Release|Any CPU
	EndGlobalSection
	GlobalSection(ProjectConfigurationPlatforms) = postSolution
		{0ECBD918-0B44-4F6F-950A-A0E7295E51E6}.Debug|Any CPU.ActiveCfg = Debug|Any CPU
		{0ECBD918-0B44-4F6F-950A-A0E7295E51E6}.Debug|Any CPU.Build.0 = Debug|Any CPU
		{0ECBD918-0B44-4F6F-950A-A0E7295E51E6}.Release|Any CPU.ActiveCfg = Release|Any CPU
		{0ECBD918-0B44-4F6F-950A-A0E7295E51E6}.Release|Any CPU.Build.0 = Release|Any CPU
	EndGlobalSection
	GlobalSection(SolutionProperties) = preSolution
		HideSolutionNode = FALSE
	EndGlobalSection
	GlobalSection(ExtensibilityGlobals) = postSolution
		SolutionGuid = {E09850DE-C89F-4748-BD55-01A45130AF0A}
	EndGlobalSection
EndGlobal
